
Microsoft Visual Studio Solution File, Format Version 12.00
# Visual Studio Version 16
VisualStudioVersion = 16.0.31410.357
MinimumVisualStudioVersion = 10.0.40219.1
Project("{FAE04EC0-301F-11D3-BF4B-00C04F79EFBC}") = "DemoQADotComTest", "TestProject1\DemoQADotComTest.csproj", "{5A273F47-A63D-45E5-A960-354A0168BAA9}"
EndProject
Global
	GlobalSection(SolutionConfigurationPlatforms) = preSolution
		Debug|Any CPU = Debug|Any CPU
		Release|Any CPU = Release|Any CPU
	EndGlobalSection
	GlobalSection(ProjectConfigurationPlatforms) = postSolution
		{5A273F47-A63D-45E5-A960-354A0168BAA9}.Debug|Any CPU.ActiveCfg = Debug|Any CPU
		{5A273F47-A63D-45E5-A960-354A0168BAA9}.Debug|Any CPU.Build.0 = Debug|Any CPU
		{5A273F47-A63D-45E5-A960-354A0168BAA9}.Release|Any CPU.ActiveCfg = Release|Any CPU
		{5A273F47-A63D-45E5-A960-354A0168BAA9}.Release|Any CPU.Build.0 = Release|Any CPU
	EndGlobalSection
	GlobalSection(SolutionProperties) = preSolution
		HideSolutionNode = FALSE
	EndGlobalSection
	GlobalSection(ExtensibilityGlobals) = postSolution
		SolutionGuid = {A720A7C5-D92E-45C2-9EC5-055FD29BCB87}
	EndGlobalSection
EndGlobal
